# @generated - this file is auto-generated by `mise lock` https://mise.jdx.dev/dev-tools/mise-lock.html

[[tools."github:thoughtworks/talisman"]]
version = "1.37.0"
backend = "github:thoughtworks/talisman"

[tools."github:thoughtworks/talisman"."platforms.linux-arm64"]
checksum = "sha256:ca706f428a45d7a4ed3cc5c3cf7b3e5b0dfce6f2f584000a117d0d602a0342b7"
url = "https://github.com/thoughtworks/talisman/releases/download/v1.37.0/talisman_linux_arm64"
url_api = "https://api.github.com/repos/thoughtworks/talisman/releases/assets/251337438"

[tools."github:thoughtworks/talisman"."platforms.linux-arm64-musl"]
checksum = "sha256:ca706f428a45d7a4ed3cc5c3cf7b3e5b0dfce6f2f584000a117d0d602a0342b7"
url = "https://github.com/thoughtworks/talisman/releases/download/v1.37.0/talisman_linux_arm64"
url_api = "https://api.github.com/repos/thoughtworks/talisman/releases/assets/251337438"

[tools."github:thoughtworks/talisman"."platforms.linux-x64"]
checksum = "sha256:8e0ae8bb7b160bf10c4fa1448beb04a32a35e63505b3dddff74a092bccaaa7e4"
url = "https://github.com/thoughtworks/talisman/releases/download/v1.37.0/talisman_linux_amd64"
url_api = "https://api.github.com/repos/thoughtworks/talisman/releases/assets/251337447"

[tools."github:thoughtworks/talisman"."platforms.linux-x64-musl"]
checksum = "sha256:8e0ae8bb7b160bf10c4fa1448beb04a32a35e63505b3dddff74a092bccaaa7e4"
url = "https://github.com/thoughtworks/talisman/releases/download/v1.37.0/talisman_linux_amd64"
url_api = "https://api.github.com/repos/thoughtworks/talisman/releases/assets/251337447"

[tools."github:thoughtworks/talisman"."platforms.macos-arm64"]
checksum = "sha256:4806746b2ba0190941f0606853990b4da6eb7df2d64c261212a6aa66eb6b15c2"
url = "https://github.com/thoughtworks/talisman/releases/download/v1.37.0/talisman_darwin_arm64"
url_api = "https://api.github.com/repos/thoughtworks/talisman/releases/assets/251337445"

[tools."github:thoughtworks/talisman"."platforms.macos-x64"]
checksum = "sha256:9a67e015d6c99650c45d653ce4a597f885bf661164c2671f08a3827013b277fb"
url = "https://github.com/thoughtworks/talisman/releases/download/v1.37.0/talisman_darwin_amd64"
url_api = "https://api.github.com/repos/thoughtworks/talisman/releases/assets/251337444"

[tools."github:thoughtworks/talisman"."platforms.windows-x64"]
checksum = "sha256:64b4f61fadd254f0bf32b5411e678564a8f201bd61a811105e286495df644be1"
url = "https://github.com/thoughtworks/talisman/releases/download/v1.37.0/talisman_windows_amd64.exe"
url_api = "https://api.github.com/repos/thoughtworks/talisman/releases/assets/251337437"

[[tools.lefthook]]
version = "2.1.15"
backend = "aqua:evilmartians/lefthook"

[tools.lefthook."platforms.linux-arm64"]
checksum = "sha256:883bd1d697eb926b4f4c4fb08ff000fda0306432368199923e415f8e9a4c22d4"
url = "https://github.com/evilmartians/lefthook/releases/download/v2.1.15/lefthook_2.1.15_Linux_aarch64.gz"
url_api = "https://api.github.com/repos/evilmartians/lefthook/releases/assets/598600348"
provenance = "github-attestations"

[tools.lefthook."platforms.linux-arm64-musl"]
checksum = "sha256:883bd1d697eb926b4f4c4fb08ff000fda0306432368199923e415f8e9a4c22d4"
url = "https://github.com/evilmartians/lefthook/releases/download/v2.1.15/lefthook_2.1.15_Linux_aarch64.gz"
url_api = "https://api.github.com/repos/evilmartians/lefthook/releases/assets/598600348"
provenance = "github-attestations"

[tools.lefthook."platforms.linux-x64"]
checksum = "sha256:b3ed1e83389d0a98b5f243a8a1afcb0fdfad527834f87170f2a2ff9ddfe0f836"
url = "https://github.com/evilmartians/lefthook/releases/download/v2.1.15/lefthook_2.1.15_Linux_x86_64.gz"
url_api = "https://api.github.com/repos/evilmartians/lefthook/releases/assets/598600261"
provenance = "github-attestations"

[tools.lefthook."platforms.linux-x64-musl"]
checksum = "sha256:b3ed1e83389d0a98b5f243a8a1afcb0fdfad527834f87170f2a2ff9ddfe0f836"
url = "https://github.com/evilmartians/lefthook/releases/download/v2.1.15/lefthook_2.1.15_Linux_x86_64.gz"
url_api = "https://api.github.com/repos/evilmartians/lefthook/releases/assets/598600261"
provenance = "github-attestations"

[tools.lefthook."platforms.macos-arm64"]
checksum = "sha256:8b40280a2bae6a21a546e42c1f02cb190cfe9888ff541eb500a0b05bd38db17f"
url = "https://github.com/evilmartians/lefthook/releases/download/v2.1.15/lefthook_2.1.15_MacOS_arm64.gz"
url_api = "https://api.github.com/repos/evilmartians/lefthook/releases/assets/598600263"
provenance = "github-attestations"

[tools.lefthook."platforms.macos-x64"]
checksum = "sha256:61e85903bd9b7ba51b2980ecd2229e61d6c4c2f8961d1ad64a6e0445b1ab0dc6"
url = "https://github.com/evilmartians/lefthook/releases/download/v2.1.15/lefthook_2.1.15_MacOS_x86_64.gz"
url_api = "https://api.github.com/repos/evilmartians/lefthook/releases/assets/598600306"
provenance = "github-attestations"

[tools.lefthook."platforms.windows-x64"]
checksum = "sha256:1c38250090d3755305809dfc568bc4aa4d83c25e9c203b603fb1bd93da847b50"
url = "https://github.com/evilmartians/lefthook/releases/download/v2.1.15/lefthook_2.1.15_Windows_x86_64.gz"
url_api = "https://api.github.com/repos/evilmartians/lefthook/releases/assets/598600347"
provenance = "github-attestations"

[[tools.node]]
version = "26.10.0"
backend = "core:node"

[tools.node."platforms.linux-arm64"]
checksum = "sha256:423a41bff8e2a2fa15e702fefe2919ef95823b2378744daccb8439302534b44f"
url = "https://nodejs.org/dist/v26.10.0/node-v26.10.0-linux-arm64.tar.gz"

[tools.node."platforms.linux-arm64-musl"]
checksum = "sha256:d26027bff3197050d2a2b0bfa151b18e8378ed81affa2bf5093804db158979b6"
url = "https://unofficial-builds.nodejs.org/download/release/v26.10.0/node-v26.10.0-linux-arm64-musl.tar.gz"

[tools.node."platforms.linux-x64"]
checksum = "sha256:cb5c9ce9c80d7b8821e3a258543c71b939138cf17c74d5cc44bbe85d6dbc5ad8"
url = "https://nodejs.org/dist/v26.10.0/node-v26.10.0-linux-x64.tar.gz"

[tools.node."platforms.linux-x64-musl"]
checksum = "sha256:e42da94821b9422eb76bf5aaf4de0977e04ba320b8aff6148d895a94b08ee223"
url = "https://unofficial-builds.nodejs.org/download/release/v26.10.0/node-v26.10.0-linux-x64-musl.tar.gz"

[tools.node."platforms.macos-arm64"]
checksum = "sha256:751fdf7439f115d87ee2a8f3f18c065b6151852068e3e666ac60ac2996f75ac9"
url = "https://nodejs.org/dist/v26.10.0/node-v26.10.0-darwin-arm64.tar.gz"

[tools.node."platforms.macos-x64"]
checksum = "sha256:ebbe9ab9b58ad6bb54390d6e2c862c1afa7d4475fb7e8ae8146acde211bf70df"
url = "https://nodejs.org/dist/v26.10.0/node-v26.10.0-darwin-x64.tar.gz"

[tools.node."platforms.windows-x64"]
checksum = "sha256:9fef7eca6743a6b910989cd8e78712376b394fcb9b6e1e9c44a0799a287f90c5"
url = "https://nodejs.org/dist/v26.10.0/node-v26.10.0-win-x64.zip"

[[tools.pnpm]]
version = "12.8.1"
backend = "aqua:pnpm/pnpm"

[tools.pnpm."platforms.linux-arm64"]
checksum = "sha256:75c5e34d3164fe3d3549580b1b1b59c9dd16543e558dec722b686193cdb7dfa1"
url = "https://github.com/pnpm/pnpm/releases/download/v12.8.1/pnpm-linux-arm64.tar.gz"
url_api = "https://api.github.com/repos/pnpm/pnpm/releases/assets/595935899"
provenance = "github-attestations"

[tools.pnpm."platforms.linux-arm64-musl"]
checksum = "sha256:27ad77bdf5368c1747f46fff0d0ee213ed6185aaf69e13342964f5f7cc3f8714"
url = "https://github.com/pnpm/pnpm/releases/download/v12.8.1/pnpm-linux-arm64-musl.tar.gz"
url_api = "https://api.github.com/repos/pnpm/pnpm/releases/assets/595935889"
provenance = "github-attestations"

[tools.pnpm."platforms.linux-x64"]
checksum = "sha256:db3906881f63e41b655e3b97d473603dc26326c2470d0b1b8083689e1bcbd1e8"
url = "https://github.com/pnpm/pnpm/releases/download/v12.8.1/pnpm-linux-x64.tar.gz"
url_api = "https://api.github.com/repos/pnpm/pnpm/releases/assets/595935887"
provenance = "github-attestations"

[tools.pnpm."platforms.linux-x64-musl"]
checksum = "sha256:f0a2db13d0a1b63c0053a5ddcfbf5c454b040e7ef54ca8771750e2cb55b86693"
url = "https://github.com/pnpm/pnpm/releases/download/v12.8.1/pnpm-linux-x64-musl.tar.gz"
url_api = "https://api.github.com/repos/pnpm/pnpm/releases/assets/595935901"
provenance = "github-attestations"

[tools.pnpm."platforms.macos-arm64"]
checksum = "sha256:8eeeae4cd714b2f1755750d303f5b1bcfe23d95ed7245536305d0c3877c5ce41"
url = "https://github.com/pnpm/pnpm/releases/download/v12.8.1/pnpm-darwin-arm64.tar.gz"
url_api = "https://api.github.com/repos/pnpm/pnpm/releases/assets/595935883"
provenance = "github-attestations"

[tools.pnpm."platforms.macos-x64"]
checksum = "sha256:8cbc5a840b4bcd8c0da878e6616a832d88e98a8acbedf1736310b395467f4a13"
url = "https://github.com/pnpm/pnpm/releases/download/v12.8.1/pnpm-darwin-x64.tar.gz"
url_api = "https://api.github.com/repos/pnpm/pnpm/releases/assets/595935890"
provenance = "github-attestations"

[tools.pnpm."platforms.windows-x64"]
checksum = "sha256:823fc131326afeee292e113e2299ca9851c3ee5148a7de921c897f0170de6f05"
url = "https://github.com/pnpm/pnpm/releases/download/v12.8.1/pnpm-win32-x64.zip"
url_api = "https://api.github.com/repos/pnpm/pnpm/releases/assets/595935888"
provenance = "github-attestations"
